// !$*UTF8*$!
{
	archiveVersion = 1;
	classes = {
	};
	objectVersion = 48;
	objects = {

/* Begin PBXBuildFile section */
		89755FE22094721500D7AA20 /* PlaySoundsViewController.swift in Sources */ = {isa = PBXBuildFile; fileRef = 89755FE12094721500D7AA20 /* PlaySoundsViewController.swift */; };
		89C3A6592064F337001EEBB7 /* AppDelegate.swift in Sources */ = {isa = PBXBuildFile; fileRef = 89C3A6582064F337001EEBB7 /* AppDelegate.swift */; };
		89C3A65B2064F337001EEBB7 /* RecordSoundsViewController.swift in Sources */ = {isa = PBXBuildFile; fileRef = 89C3A65A2064F337001EEBB7 /* RecordSoundsViewController.swift */; };
		89C3A65E2064F337001EEBB7 /* Main.storyboard in Resources */ = {isa = PBXBuildFile; fileRef = 89C3A65C2064F337001EEBB7 /* Main.storyboard */; };
		89C3A6602064F337001EEBB7 /* Assets.xcassets in Resources */ = {isa = PBXBuildFile; fileRef = 89C3A65F2064F337001EEBB7 /* Assets.xcassets */; };
		89C3A6632064F337001EEBB7 /* LaunchScreen.storyboard in Resources */ = {isa = PBXBuildFile; fileRef = 89C3A6612064F337001EEBB7 /* LaunchScreen.storyboard */; };
		89C3A66E2064F337001EEBB7 /* PitchPerfectTests.swift in Sources */ = {isa = PBXBuildFile; fileRef = 89C3A66D2064F337001EEBB7 /* PitchPerfectTests.swift */; };
		89C3A6792064F337001EEBB7 /* PitchPerfectUITests.swift in Sources */ = {isa = PBXBuildFile; fileRef = 89C3A6782064F337001EEBB7 /* PitchPerfectUITests.swift */; };
		89D389852096E7B8007EE64E /* playsoundsviewcontroller-audio.swift in Sources */ = {isa = PBXBuildFile; fileRef = 89D389842096E7B8007EE64E /* playsoundsviewcontroller-audio.swift */; };
/* End PBXBuildFile section */

/* Begin PBXContainerItemProxy section */
		89C3A66A2064F337001EEBB7 /* PBXContainerItemProxy */ = {
			isa = PBXContainerItemProxy;
			containerPortal = 89C3A64D2064F337001EEBB7 /* Project object */;
			proxyType = 1;
			remoteGlobalIDString = 89C3A6542064F337001EEBB7;
			remoteInfo = PitchPerfect;
		};
		89C3A6752064F337001EEBB7 /* PBXContainerItemProxy */ = {
			isa = PBXContainerItemProxy;
			containerPortal = 89C3A64D2064F337001EEBB7 /* Project object */;
			proxyType = 1;
			remoteGlobalIDString = 89C3A6542064F337001EEBB7;
			remoteInfo = PitchPerfect;
		};
/* End PBXContainerItemProxy section */

/* Begin PBXFileReference section */
		89755FE12094721500D7AA20 /* PlaySoundsViewController.swift */ = {isa = PBXFileReference; lastKnownFileType = sourcecode.swift; path = PlaySoundsViewController.swift; sourceTree = "<group>"; };
		89C3A6552064F337001EEBB7 /* PitchPerfect.app */ = {isa = PBXFileReference; explicitFileType = wrapper.application; includeInIndex = 0; path = PitchPerfect.app; sourceTree = BUILT_PRODUCTS_DIR; };
		89C3A6582064F337001EEBB7 /* AppDelegate.swift */ = {isa = PBXFileReference; lastKnownFileType = sourcecode.swift; path = AppDelegate.swift; sourceTree = "<group>"; };
		89C3A65A2064F337001EEBB7 /* RecordSoundsViewController.swift */ = {isa = PBXFileReference; lastKnownFileType = sourcecode.swift; path = RecordSoundsViewController.swift; sourceTree = "<group>"; };
		89C3A65D2064F337001EEBB7 /* Base */ = {isa = PBXFileReference; lastKnownFileType = file.storyboard; name = Base; path = Base.lproj/Main.storyboard; sourceTree = "<group>"; };
		89C3A65F2064F337001EEBB7 /* Assets.xcassets */ = {isa = PBXFileReference; lastKnownFileType = folder.assetcatalog; path = Assets.xcassets; sourceTree = "<group>"; };
		89C3A6622064F337001EEBB7 /* Base */ = {isa = PBXFileReference; lastKnownFileType = file.storyboard; name = Base; path = Base.lproj/LaunchScreen.storyboard; sourceTree = "<group>"; };
		89C3A6642064F337001EEBB7 /* Info.plist */ = {isa = PBXFileReference; lastKnownFileType = text.plist.xml; path = Info.plist; sourceTree = "<group>"; };
		89C3A6692064F337001EEBB7 /* PitchPerfectTests.xctest */ = {isa = PBXFileReference; explicitFileType = wrapper.cfbundle; includeInIndex = 0; path = PitchPerfectTests.xctest; sourceTree = BUILT_PRODUCTS_DIR; };
		89C3A66D2064F337001EEBB7 /* PitchPerfectTests.swift */ = {isa = PBXFileReference; lastKnownFileType = sourcecode.swift; path = PitchPerfectTests.swift; sourceTree = "<group>"; };
		89C3A66F2064F337001EEBB7 /* Info.plist */ = {isa = PBXFileReference; lastKnownFileType = text.plist.xml; path = Info.plist; sourceTree = "<group>"; };
		89C3A6742064F337001EEBB7 /* PitchPerfectUITests.xctest */ = {isa = PBXFileReference; explicitFileType = wrapper.cfbundle; includeInIndex = 0; path = PitchPerfectUITests.xctest; sourceTree = BUILT_PRODUCTS_DIR; };
		89C3A6782064F337001EEBB7 /* PitchPerfectUITests.swift */ = {isa = PBXFileReference; lastKnownFileType = sourcecode.swift; path = PitchPerfectUITests.swift; sourceTree = "<group>"; };
		89C3A67A2064F337001EEBB7 /* Info.plist */ = {isa = PBXFileReference; lastKnownFileType = text.plist.xml; path = Info.plist; sourceTree = "<group>"; };
		89D389842096E7B8007EE64E /* playsoundsviewcontroller-audio.swift */ = {isa = PBXFileReference; fileEncoding = 4; lastKnownFileType = sourcecode.swift; name = "playsoundsviewcontroller-audio.swift"; path = "../../../Downloads/playsoundsviewcontroller-audio.swift"; sourceTree = "<group>"; };
/* End PBXFileReference section */

/* Begin PBXFrameworksBuildPhase section */
		89C3A6522064F337001EEBB7 /* Frameworks */ = {
			isa = PBXFrameworksBuildPhase;
			buildActionMask = 2147483647;
			files = (
			);
			runOnlyForDeploymentPostprocessing = 0;
		};
		89C3A6662064F337001EEBB7 /* Frameworks */ = {
			isa = PBXFrameworksBuildPhase;
			buildActionMask = 2147483647;
			files = (
			);
			runOnlyForDeploymentPostprocessing = 0;
		};
		89C3A6712064F337001EEBB7 /* Frameworks */ = {
			isa = PBXFrameworksBuildPhase;
			buildActionMask = 2147483647;
			files = (
			);
			runOnlyForDeploymentPostprocessing = 0;
		};
/* End PBXFrameworksBuildPhase section */

/* Begin PBXGroup section */
		89C3A64C2064F337001EEBB7 = {
			isa = PBXGroup;
			children = (
				89C3A6572064F337001EEBB7 /* PitchPerfect */,
				89C3A66C2064F337001EEBB7 /* PitchPerfectTests */,
				89C3A6772064F337001EEBB7 /* PitchPerfectUITests */,
				89C3A6562064F337001EEBB7 /* Products */,
			);
			sourceTree = "<group>";
		};
		89C3A6562064F337001EEBB7 /* Products */ = {
			isa = PBXGroup;
			children = (
				89C3A6552064F337001EEBB7 /* PitchPerfect.app */,
				89C3A6692064F337001EEBB7 /* PitchPerfectTests.xctest */,
				89C3A6742064F337001EEBB7 /* PitchPerfectUITests.xctest */,
			);
			name = Products;
			sourceTree = "<group>";
		};
		89C3A6572064F337001EEBB7 /* PitchPerfect */ = {
			isa = PBXGroup;
			children = (
				89C3A6582064F337001EEBB7 /* AppDelegate.swift */,
				89C3A65A2064F337001EEBB7 /* RecordSoundsViewController.swift */,
				89C3A65C2064F337001EEBB7 /* Main.storyboard */,
				89C3A65F2064F337001EEBB7 /* Assets.xcassets */,
				89C3A6612064F337001EEBB7 /* LaunchScreen.storyboard */,
				89C3A6642064F337001EEBB7 /* Info.plist */,
				89755FE12094721500D7AA20 /* PlaySoundsViewController.swift */,
				89D389842096E7B8007EE64E /* playsoundsviewcontroller-audio.swift */,
			);
			path = PitchPerfect;
			sourceTree = "<group>";
		};
		89C3A66C2064F337001EEBB7 /* PitchPerfectTests */ = {
			isa = PBXGroup;
			children = (
				89C3A66D2064F337001EEBB7 /* PitchPerfectTests.swift */,
				89C3A66F2064F337001EEBB7 /* Info.plist */,
			);
			path = PitchPerfectTests;
			sourceTree = "<group>";
		};
		89C3A6772064F337001EEBB7 /* PitchPerfectUITests */ = {
			isa = PBXGroup;
			children = (
				89C3A6782064F337001EEBB7 /* PitchPerfectUITests.swift */,
				89C3A67A2064F337001EEBB7 /* Info.plist */,
			);
			path = PitchPerfectUITests;
			sourceTree = "<group>";
		};
/* End PBXGroup section */

/* Begin PBXNativeTarget section */
		89C3A6542064F337001EEBB7 /* PitchPerfect */ = {
			isa = PBXNativeTarget;
			buildConfigurationList = 89C3A67D2064F337001EEBB7 /* Build configuration list for PBXNativeTarget "PitchPerfect" */;
			buildPhases = (
				89C3A6512064F337001EEBB7 /* Sources */,
				89C3A6522064F337001EEBB7 /* Frameworks */,
				89C3A6532064F337001EEBB7 /* Resources */,
			);
			buildRules = (
			);
			dependencies = (
			);
			name = PitchPerfect;
			productName = PitchPerfect;
			productReference = 89C3A6552064F337001EEBB7 /* PitchPerfect.app */;
			productType = "com.apple.product-type.application";
		};
		89C3A6682064F337001EEBB7 /* PitchPerfectTests */ = {
			isa = PBXNativeTarget;
			buildConfigurationList = 89C3A6802064F337001EEBB7 /* Build configuration list for PBXNativeTarget "PitchPerfectTests" */;
			buildPhases = (
				89C3A6652064F337001EEBB7 /* Sources */,
				89C3A6662064F337001EEBB7 /* Frameworks */,
				89C3A6672064F337001EEBB7 /* Resources */,
			);
			buildRules = (
			);
			dependencies = (
				89C3A66B2064F337001EEBB7 /* PBXTargetDependency */,
			);
			name = PitchPerfectTests;
			productName = PitchPerfectTests;
			productReference = 89C3A6692064F337001EEBB7 /* PitchPerfectTests.xctest */;
			productType = "com.apple.product-type.bundle.unit-test";
		};
		89C3A6732064F337001EEBB7 /* PitchPerfectUITests */ = {
			isa = PBXNativeTarget;
			buildConfigurationList = 89C3A6832064F337001EEBB7 /* Build configuration list for PBXNativeTarget "PitchPerfectUITests" */;
			buildPhases = (
				89C3A6702064F337001EEBB7 /* Sources */,
				89C3A6712064F337001EEBB7 /* Frameworks */,
				89C3A6722064F337001EEBB7 /* Resources */,
			);
			buildRules = (
			);
			dependencies = (
				89C3A6762064F337001EEBB7 /* PBXTargetDependency */,
			);
			name = PitchPerfectUITests;
			productName = PitchPerfectUITests;
			productReference = 89C3A6742064F337001EEBB7 /* PitchPerfectUITests.xctest */;
			productType = "com.apple.product-type.bundle.ui-testing";
		};
/* End PBXNativeTarget section */

/* Begin PBXProject section */
		89C3A64D2064F337001EEBB7 /* Project object */ = {
			isa = PBXProject;
			attributes = {
				LastSwiftUpdateCheck = 0920;
				LastUpgradeCheck = 0920;
				ORGANIZATIONNAME = "Sumit Bhirud";
				TargetAttributes = {
					89C3A6542064F337001EEBB7 = {
						CreatedOnToolsVersion = 9.2;
						ProvisioningStyle = Automatic;
					};
					89C3A6682064F337001EEBB7 = {
						CreatedOnToolsVersion = 9.2;
						ProvisioningStyle = Automatic;
						TestTargetID = 89C3A6542064F337001EEBB7;
					};
					89C3A6732064F337001EEBB7 = {
						CreatedOnToolsVersion = 9.2;
						ProvisioningStyle = Automatic;
						TestTargetID = 89C3A6542064F337001EEBB7;
					};
				};
			};
			buildConfigurationList = 89C3A6502064F337001EEBB7 /* Build configuration list for PBXProject "PitchPerfect" */;
			compatibilityVersion = "Xcode 8.0";
			developmentRegion = en;
			hasScannedForEncodings = 0;
			knownRegions = (
				en,
				Base,
			);
			mainGroup = 89C3A64C2064F337001EEBB7;
			productRefGroup = 89C3A6562064F337001EEBB7 /* Products */;
			projectDirPath = "";
			projectRoot = "";
			targets = (
				89C3A6542064F337001EEBB7 /* PitchPerfect */,
				89C3A6682064F337001EEBB7 /* PitchPerfectTests */,
				89C3A6732064F337001EEBB7 /* PitchPerfectUITests */,
			);
		};
/* End PBXProject section */

/* Begin PBXResourcesBuildPhase section */
		89C3A6532064F337001EEBB7 /* Resources */ = {
			isa = PBXResourcesBuildPhase;
			buildActionMask = 2147483647;
			files = (
				89C3A6632064F337001EEBB7 /* LaunchScreen.storyboard in Resources */,
				89C3A6602064F337001EEBB7 /* Assets.xcassets in Resources */,
				89C3A65E2064F337001EEBB7 /* Main.storyboard in Resources */,
			);
			runOnlyForDeploymentPostprocessing = 0;
		};
		89C3A6672064F337001EEBB7 /* Resources */ = {
			isa = PBXResourcesBuildPhase;
			buildActionMask = 2147483647;
			files = (
			);
			runOnlyForDeploymentPostprocessing = 0;
		};
		89C3A6722064F337001EEBB7 /* Resources */ = {
			isa = PBXResourcesBuildPhase;
			buildActionMask = 2147483647;
			files = (
			);
			runOnlyForDeploymentPostprocessing = 0;
		};
/* End PBXResourcesBuildPhase section */

/* Begin PBXSourcesBuildPhase section */
		89C3A6512064F337001EEBB7 /* Sources */ = {
			isa = PBXSourcesBuildPhase;
			buildActionMask = 2147483647;
			files = (
				89C3A65B2064F337001EEBB7 /* RecordSoundsViewController.swift in Sources */,
				89755FE22094721500D7AA20 /* PlaySoundsViewController.swift in Sources */,
				89C3A6592064F337001EEBB7 /* AppDelegate.swift in Sources */,
				89D389852096E7B8007EE64E /* playsoundsviewcontroller-audio.swift in Sources */,
			);
			runOnlyForDeploymentPostprocessing = 0;
		};
		89C3A6652064F337001EEBB7 /* Sources */ = {
			isa = PBXSourcesBuildPhase;
			buildActionMask = 2147483647;
			files = (
				89C3A66E2064F337001EEBB7 /* PitchPerfectTests.swift in Sources */,
			);
			runOnlyForDeploymentPostprocessing = 0;
		};
		89C3A6702064F337001EEBB7 /* Sources */ = {
			isa = PBXSourcesBuildPhase;
			buildActionMask = 2147483647;
			files = (
				89C3A6792064F337001EEBB7 /* PitchPerfectUITests.swift in Sources */,
			);
			runOnlyForDeploymentPostprocessing = 0;
		};
/* End PBXSourcesBuildPhase section */

/* Begin PBXTargetDependency section */
		89C3A66B2064F337001EEBB7 /* PBXTargetDependency */ = {
			isa = PBXTargetDependency;
			target = 89C3A6542064F337001EEBB7 /* PitchPerfect */;
			targetProxy = 89C3A66A2064F337001EEBB7 /* PBXContainerItemProxy */;
		};
		89C3A6762064F337001EEBB7 /* PBXTargetDependency */ = {
			isa = PBXTargetDependency;
			target = 89C3A6542064F337001EEBB7 /* PitchPerfect */;
			targetProxy = 89C3A6752064F337001EEBB7 /* PBXContainerItemProxy */;
		};
/* End PBXTargetDependency section */

/* Begin PBXVariantGroup section */
		89C3A65C2064F337001EEBB7 /* Main.storyboard */ = {
			isa = PBXVariantGroup;
			children = (
				89C3A65D2064F337001EEBB7 /* Base */,
			);
			name = Main.storyboard;
			sourceTree = "<group>";
		};
		89C3A6612064F337001EEBB7 /* LaunchScreen.storyboard */ = {
			isa = PBXVariantGroup;
			children = (
				89C3A6622064F337001EEBB7 /* Base */,
			);
			name = LaunchScreen.storyboard;
			sourceTree = "<group>";
		};
/* End PBXVariantGroup section */

/* Begin XCBuildConfiguration section */
		89C3A67B2064F337001EEBB7 /* Debug */ = {
			isa = XCBuildConfiguration;
			buildSettings = {
				ALWAYS_SEARCH_USER_PATHS = NO;
				CLANG_ANALYZER_NONNULL = YES;
				CLANG_ANALYZER_NUMBER_OBJECT_CONVERSION = YES_AGGRESSIVE;
				CLANG_CXX_LANGUAGE_STANDARD = "gnu++14";
				CLANG_CXX_LIBRARY = "libc++";
				CLANG_ENABLE_MODULES = YES;
				CLANG_ENABLE_OBJC_ARC = YES;
				CLANG_WARN_BLOCK_CAPTURE_AUTORELEASING = YES;
				CLANG_WARN_BOOL_CONVERSION = YES;
				CLANG_WARN_COMMA = YES;
				CLANG_WARN_CONSTANT_CONVERSION = YES;
				CLANG_WARN_DIRECT_OBJC_ISA_USAGE = YES_ERROR;
				CLANG_WARN_DOCUMENTATION_COMMENTS = YES;
				CLANG_WARN_EMPTY_BODY = YES;
				CLANG_WARN_ENUM_CONVERSION = YES;
				CLANG_WARN_INFINITE_RECURSION = YES;
				CLANG_WARN_INT_CONVERSION = YES;
				CLANG_WARN_NON_LITERAL_NULL_CONVERSION = YES;
				CLANG_WARN_OBJC_LITERAL_CONVERSION = YES;
				CLANG_WARN_OBJC_ROOT_CLASS = YES_ERROR;
				CLANG_WARN_RANGE_LOOP_ANALYSIS = YES;
				CLANG_WARN_STRICT_PROTOTYPES = YES;
				CLANG_WARN_SUSPICIOUS_MOVE = YES;
				CLANG_WARN_UNGUARDED_AVAILABILITY = YES_AGGRESSIVE;
				CLANG_WARN_UNREACHABLE_CODE = YES;
				CLANG_WARN__DUPLICATE_METHOD_MATCH = YES;
				CODE_SIGN_IDENTITY = "iPhone Developer";
				COPY_PHASE_STRIP = NO;
				DEBUG_INFORMATION_FORMAT = dwarf;
				ENABLE_STRICT_OBJC_MSGSEND = YES;
				ENABLE_TESTABILITY = YES;
				GCC_C_LANGUAGE_STANDARD = gnu11;
				GCC_DYNAMIC_NO_PIC = NO;
				GCC_NO_COMMON_BLOCKS = YES;
				GCC_OPTIMIZATION_LEVEL = 0;
				GCC_PREPROCESSOR_DEFINITIONS = (
					"DEBUG=1",
					"$(inherited)",
				);
				GCC_WARN_64_TO_32_BIT_CONVERSION = YES;
				GCC_WARN_ABOUT_RETURN_TYPE = YES_ERROR;
				GCC_WARN_UNDECLARED_SELECTOR = YES;
				GCC_WARN_UNINITIALIZED_AUTOS = YES_AGGRESSIVE;
				GCC_WARN_UNUSED_FUNCTION = YES;
				GCC_WARN_UNUSED_VARIABLE = YES;
				IPHONEOS_DEPLOYMENT_TARGET = 11.2;
				MTL_ENABLE_DEBUG_INFO = YES;
				ONLY_ACTIVE_ARCH = YES;
				SDKROOT = iphoneos;
				SWIFT_ACTIVE_COMPILATION_CONDITIONS = DEBUG;
				SWIFT_OPTIMIZATION_LEVEL = "-Onone";
			};
			name = Debug;
		};
		89C3A67C2064F337001EEBB7 /* Release */ = {
			isa = XCBuildConfiguration;
			buildSettings = {
				ALWAYS_SEARCH_USER_PATHS = NO;
				CLANG_ANALYZER_NONNULL = YES;
				CLANG_ANALYZER_NUMBER_OBJECT_CONVERSION = YES_AGGRESSIVE;
				CLANG_CXX_LANGUAGE_STANDARD = "gnu++14";
				CLANG_CXX_LIBRARY = "libc++";
				CLANG_ENABLE_MODULES = YES;
				CLANG_ENABLE_OBJC_ARC = YES;
				CLANG_WARN_BLOCK_CAPTURE_AUTORELEASING = YES;
				CLANG_WARN_BOOL_CONVERSION = YES;
				CLANG_WARN_COMMA = YES;
				CLANG_WARN_CONSTANT_CONVERSION = YES;
				CLANG_WARN_DIRECT_OBJC_ISA_USAGE = YES_ERROR;
				CLANG_WARN_DOCUMENTATION_COMMENTS = YES;
				CLANG_WARN_EMPTY_BODY = YES;
				CLANG_WARN_ENUM_CONVERSION = YES;
				CLANG_WARN_INFINITE_RECURSION = YES;
				CLANG_WARN_INT_CONVERSION = YES;
				CLANG_WARN_NON_LITERAL_NULL_CONVERSION = YES;
				CLANG_WARN_OBJC_LITERAL_CONVERSION = YES;
				CLANG_WARN_OBJC_ROOT_CLASS = YES_ERROR;
				CLANG_WARN_RANGE_LOOP_ANALYSIS = YES;
				CLANG_WARN_STRICT_PROTOTYPES = YES;
				CLANG_WARN_SUSPICIOUS_MOVE = YES;
				CLANG_WARN_UNGUARDED_AVAILABILITY = YES_AGGRESSIVE;
				CLANG_WARN_UNREACHABLE_CODE = YES;
				CLANG_WARN__DUPLICATE_METHOD_MATCH = YES;
				CODE_SIGN_IDENTITY = "iPhone Developer";
				COPY_PHASE_STRIP = NO;
				DEBUG_INFORMATION_FORMAT = "dwarf-with-dsym";
				ENABLE_NS_ASSERTIONS = NO;
				ENABLE_STRICT_OBJC_MSGSEND = YES;
				GCC_C_LANGUAGE_STANDARD = gnu11;
				GCC_NO_COMMON_BLOCKS = YES;
				GCC_WARN_64_TO_32_BIT_CONVERSION = YES;
				GCC_WARN_ABOUT_RETURN_TYPE = YES_ERROR;
				GCC_WARN_UNDECLARED_SELECTOR = YES;
				GCC_WARN_UNINITIALIZED_AUTOS = YES_AGGRESSIVE;
				GCC_WARN_UNUSED_FUNCTION = YES;
				GCC_WARN_UNUSED_VARIABLE = YES;
				IPHONEOS_DEPLOYMENT_TARGET = 11.2;
				MTL_ENABLE_DEBUG_INFO = NO;
				SDKROOT = iphoneos;
				SWIFT_OPTIMIZATION_LEVEL = "-Owholemodule";
				VALIDATE_PRODUCT = YES;
			};
			name = Release;
		};
		89C3A67E2064F337001EEBB7 /* Debug */ = {
			isa = XCBuildConfiguration;
			buildSettings = {
				ASSETCATALOG_COMPILER_APPICON_NAME = AppIcon;
				CODE_SIGN_STYLE = Automatic;
				INFOPLIST_FILE = PitchPerfect/Info.plist;
				LD_RUNPATH_SEARCH_PATHS = "$(inherited) @executable_path/Frameworks";
				PRODUCT_BUNDLE_IDENTIFIER = com.udacity.PitchPerfect;
				PRODUCT_NAME = "$(TARGET_NAME)";
				SWIFT_VERSION = 4.0;
				TARGETED_DEVICE_FAMILY = "1,2";
			};
			name = Debug;
		};
		89C3A67F2064F337001EEBB7 /* Release */ = {
			isa = XCBuildConfiguration;
			buildSettings = {
				ASSETCATALOG_COMPILER_APPICON_NAME = AppIcon;
				CODE_SIGN_STYLE = Automatic;
				INFOPLIST_FILE = PitchPerfect/Info.plist;
				LD_RUNPATH_SEARCH_PATHS = "$(inherited) @executable_path/Frameworks";
				PRODUCT_BUNDLE_IDENTIFIER = com.udacity.PitchPerfect;
				PRODUCT_NAME = "$(TARGET_NAME)";
				SWIFT_VERSION = 4.0;
				TARGETED_DEVICE_FAMILY = "1,2";
			};
			name = Release;
		};
		89C3A6812064F337001EEBB7 /* Debug */ = {
			isa = XCBuildConfiguration;
			buildSettings = {
				ALWAYS_EMBED_SWIFT_STANDARD_LIBRARIES = YES;
				BUNDLE_LOADER = "$(TEST_HOST)";
				CODE_SIGN_STYLE = Automatic;
				INFOPLIST_FILE = PitchPerfectTests/Info.plist;
				LD_RUNPATH_SEARCH_PATHS = "$(inherited) @executable_path/Frameworks @loader_path/Frameworks";
				PRODUCT_BUNDLE_IDENTIFIER = com.udacity.PitchPerfectTests;
				PRODUCT_NAME = "$(TARGET_NAME)";
				SWIFT_VERSION = 4.0;
				TARGETED_DEVICE_FAMILY = "1,2";
				TEST_HOST = "$(BUILT_PRODUCTS_DIR)/PitchPerfect.app/PitchPerfect";
			};
			name = Debug;
		};
		89C3A6822064F337001EEBB7 /* Release */ = {
			isa = XCBuildConfiguration;
			buildSettings = {
				ALWAYS_EMBED_SWIFT_STANDARD_LIBRARIES = YES;
				BUNDLE_LOADER = "$(TEST_HOST)";
				CODE_SIGN_STYLE = Automatic;
				INFOPLIST_FILE = PitchPerfectTests/Info.plist;
				LD_RUNPATH_SEARCH_PATHS = "$(inherited) @executable_path/Frameworks @loader_path/Frameworks";
				PRODUCT_BUNDLE_IDENTIFIER = com.udacity.PitchPerfectTests;
				PRODUCT_NAME = "$(TARGET_NAME)";
				SWIFT_VERSION = 4.0;
				TARGETED_DEVICE_FAMILY = "1,2";
				TEST_HOST = "$(BUILT_PRODUCTS_DIR)/PitchPerfect.app/PitchPerfect";
			};
			name = Release;
		};
		89C3A6842064F337001EEBB7 /* Debug */ = {
			isa = XCBuildConfiguration;
			buildSettings = {
				ALWAYS_EMBED_SWIFT_STANDARD_LIBRARIES = YES;
				CODE_SIGN_STYLE = Automatic;
				INFOPLIST_FILE = PitchPerfectUITests/Info.plist;
				LD_RUNPATH_SEARCH_PATHS = "$(inherited) @executable_path/Frameworks @loader_path/Frameworks";
				PRODUCT_BUNDLE_IDENTIFIER = com.udacity.PitchPerfectUITests;
				PRODUCT_NAME = "$(TARGET_NAME)";
				SWIFT_VERSION = 4.0;
				TARGETED_DEVICE_FAMILY = "1,2";
				TEST_TARGET_NAME = PitchPerfect;
			};
			name = Debug;
		};
		89C3A6852064F337001EEBB7 /* Release */ = {
			isa = XCBuildConfiguration;
			buildSettings = {
				ALWAYS_EMBED_SWIFT_STANDARD_LIBRARIES = YES;
				CODE_SIGN_STYLE = Automatic;
				INFOPLIST_FILE = PitchPerfectUITests/Info.plist;
				LD_RUNPATH_SEARCH_PATHS = "$(inherited) @executable_path/Frameworks @loader_path/Frameworks";
				PRODUCT_BUNDLE_IDENTIFIER = com.udacity.PitchPerfectUITests;
				PRODUCT_NAME = "$(TARGET_NAME)";
				SWIFT_VERSION = 4.0;
				TARGETED_DEVICE_FAMILY = "1,2";
				TEST_TARGET_NAME = PitchPerfect;
			};
			name = Release;
		};
/* End XCBuildConfiguration section */

/* Begin XCConfigurationList section */
		89C3A6502064F337001EEBB7 /* Build configuration list for PBXProject "PitchPerfect" */ = {
			isa = XCConfigurationList;
			buildConfigurations = (
				89C3A67B2064F337001EEBB7 /* Debug */,
				89C3A67C2064F337001EEBB7 /* Release */,
			);
			defaultConfigurationIsVisible = 0;
			defaultConfigurationName = Release;
		};
		89C3A67D2064F337001EEBB7 /* Build configuration list for PBXNativeTarget "PitchPerfect" */ = {
			isa = XCConfigurationList;
			buildConfigurations = (
				89C3A67E2064F337001EEBB7 /* Debug */,
				89C3A67F2064F337001EEBB7 /* Release */,
			);
			defaultConfigurationIsVisible = 0;
			defaultConfigurationName = Release;
		};
		89C3A6802064F337001EEBB7 /* Build configuration list for PBXNativeTarget "PitchPerfectTests" */ = {
			isa = XCConfigurationList;
			buildConfigurations = (
				89C3A6812064F337001EEBB7 /* Debug */,
				89C3A6822064F337001EEBB7 /* Release */,
			);
			defaultConfigurationIsVisible = 0;
			defaultConfigurationName = Release;
		};
		89C3A6832064F337001EEBB7 /* Build configuration list for PBXNativeTarget "PitchPerfectUITests" */ = {
			isa = XCConfigurationList;
			buildConfigurations = (
				89C3A6842064F337001EEBB7 /* Debug */,
				89C3A6852064F337001EEBB7 /* Release */,
			);
			defaultConfigurationIsVisible = 0;
			defaultConfigurationName = Release;
		};
/* End XCConfigurationList section */
	};
	rootObject = 89C3A64D2064F337001EEBB7 /* Project object */;
}
